
Microsoft Visual Studio Solution File, Format Version 12.00
# Visual Studio Version 17
VisualStudioVersion = 17.10.35122.118
MinimumVisualStudioVersion = 10.0.40219.1
Project("{FAE04EC0-301F-11D3-BF4B-00C04F79EFBC}") = "dvld_api", "dvld_api.csproj", "{1977AE4D-7229-4BA1-8567-43304E41F5D5}"
EndProject
Project("{FAE04EC0-301F-11D3-BF4B-00C04F79EFBC}") = "DVDLBussinessLayer", "DVDLBussinessLayer\DVDLBussinessLayer.csproj", "{7FB7444F-9E5B-4846-AA5F-FA933807947D}"
EndProject
Project("{FAE04EC0-301F-11D3-BF4B-00C04F79EFBC}") = "DVLDdataAccessLayer", "DVLDdataAccessLayer\DVLDdataAccessLayer.csproj", "{D627EB82-D110-4524-853E-83E47AC013FB}"
EndProject
Global
	GlobalSection(SolutionConfigurationPlatforms) = preSolution
		Debug|Any CPU = Debug|Any CPU
		Release|Any CPU = Release|Any CPU
	EndGlobalSection
	GlobalSection(ProjectConfigurationPlatforms) = postSolution
		{1977AE4D-7229-4BA1-8567-43304E41F5D5}.Debug|Any CPU.ActiveCfg = Debug|Any CPU
		{1977AE4D-7229-4BA1-8567-43304E41F5D5}.Debug|Any CPU.Build.0 = Debug|Any CPU
		{1977AE4D-7229-4BA1-8567-43304E41F5D5}.Release|Any CPU.ActiveCfg = Release|Any CPU
		{1977AE4D-7229-4BA1-8567-43304E41F5D5}.Release|Any CPU.Build.0 = Release|Any CPU
		{7FB7444F-9E5B-4846-AA5F-FA933807947D}.Debug|Any CPU.ActiveCfg = Debug|Any CPU
		{7FB7444F-9E5B-4846-AA5F-FA933807947D}.Debug|Any CPU.Build.0 = Debug|Any CPU
		{7FB7444F-9E5B-4846-AA5F-FA933807947D}.Release|Any CPU.ActiveCfg = Release|Any CPU
		{7FB7444F-9E5B-4846-AA5F-FA933807947D}.Release|Any CPU.Build.0 = Release|Any CPU
		{D627EB82-D110-4524-853E-83E47AC013FB}.Debug|Any CPU.ActiveCfg = Debug|Any CPU
		{D627EB82-D110-4524-853E-83E47AC013FB}.Debug|Any CPU.Build.0 = Debug|Any CPU
		{D627EB82-D110-4524-853E-83E47AC013FB}.Release|Any CPU.ActiveCfg = Release|Any CPU
		{D627EB82-D110-4524-853E-83E47AC013FB}.Release|Any CPU.Build.0 = Release|Any CPU
	EndGlobalSection
	GlobalSection(SolutionProperties) = preSolution
		HideSolutionNode = FALSE
	EndGlobalSection
	GlobalSection(ExtensibilityGlobals) = postSolution
		SolutionGuid = {CE964B61-862D-474A-A75C-F1D7401CF882}
	EndGlobalSection
EndGlobal
